Microsoft Visual Studio Solution File, Format Version 11.00
# Visual Studio 2008

Project("{88CE7691-E89E-2E45-2B12-444F645046D6}") = "SystemPathFinder", "Assembly-CSharp.csproj", "{5716B29E-40A2-B511-D499-E75CEE79F7A7}"
EndProject
Global
	GlobalSection(SolutionConfigurationPlatforms) = preSolution
		Debug|Any CPU = Debug|Any CPU
		Release|Any CPU = Release|Any CPU
	EndGlobalSection
	GlobalSection(ProjectConfigurationPlatforms) = postSolution
		{5716B29E-40A2-B511-D499-E75CEE79F7A7}.Debug|Any CPU.ActiveCfg = Debug|Any CPU
		{5716B29E-40A2-B511-D499-E75CEE79F7A7}.Debug|Any CPU.Build.0 = Debug|Any CPU
		{5716B29E-40A2-B511-D499-E75CEE79F7A7}.Release|Any CPU.ActiveCfg = Release|Any CPU
		{5716B29E-40A2-B511-D499-E75CEE79F7A7}.Release|Any CPU.Build.0 = Release|Any CPU
	EndGlobalSection
	GlobalSection(SolutionProperties) = preSolution
		HideSolutionNode = FALSE
	EndGlobalSection
	GlobalSection(MonoDevelopProperties) = preSolution
		StartupItem = Assembly-CSharp.csproj
	EndGlobalSection
EndGlobal
